
Microsoft Visual Studio Solution File, Format Version 12.00
# Visual Studio 15
VisualStudioVersion = 15.0.28307.2017
MinimumVisualStudioVersion = 10.0.40219.1
Project("{9A19103F-16F7-4668-BE54-9A1E7A4F7556}") = "OdeToFood", "OdeToFood\OdeToFood.csproj", "{E94481DE-E3CB-41C0-8572-4E049479842B}"
EndProject
Project("{FAE04EC0-301F-11D3-BF4B-00C04F79EFBC}") = "OdeToFood.Core", "OdeToFood.Core\OdeToFood.Core.csproj", "{94C289B5-B6E0-4AE1-986D-D035C5DD1A71}"
EndProject
Project("{FAE04EC0-301F-11D3-BF4B-00C04F79EFBC}") = "OdeToFood.Data", "OdeToFood.Data\OdeToFood.Data.csproj", "{F78BC577-A48F-4388-9BB6-01666BE34BAB}"
EndProject
Global
	GlobalSection(SolutionConfigurationPlatforms) = preSolution
		Debug|Any CPU = Debug|Any CPU
		Release|Any CPU = Release|Any CPU
	EndGlobalSection
	GlobalSection(ProjectConfigurationPlatforms) = postSolution
		{E94481DE-E3CB-41C0-8572-4E049479842B}.Debug|Any CPU.ActiveCfg = Debug|Any CPU
		{E94481DE-E3CB-41C0-8572-4E049479842B}.Debug|Any CPU.Build.0 = Debug|Any CPU
		{E94481DE-E3CB-41C0-8572-4E049479842B}.Release|Any CPU.ActiveCfg = Release|Any CPU
		{E94481DE-E3CB-41C0-8572-4E049479842B}.Release|Any CPU.Build.0 = Release|Any CPU
		{94C289B5-B6E0-4AE1-986D-D035C5DD1A71}.Debug|Any CPU.ActiveCfg = Debug|Any CPU
		{94C289B5-B6E0-4AE1-986D-D035C5DD1A71}.Debug|Any CPU.Build.0 = Debug|Any CPU
		{94C289B5-B6E0-4AE1-986D-D035C5DD1A71}.Release|Any CPU.ActiveCfg = Release|Any CPU
		{94C289B5-B6E0-4AE1-986D-D035C5DD1A71}.Release|Any CPU.Build.0 = Release|Any CPU
		{F78BC577-A48F-4388-9BB6-01666BE34BAB}.Debug|Any CPU.ActiveCfg = Debug|Any CPU
		{F78BC577-A48F-4388-9BB6-01666BE34BAB}.Debug|Any CPU.Build.0 = Debug|Any CPU
		{F78BC577-A48F-4388-9BB6-01666BE34BAB}.Release|Any CPU.ActiveCfg = Release|Any CPU
		{F78BC577-A48F-4388-9BB6-01666BE34BAB}.Release|Any CPU.Build.0 = Release|Any CPU
	EndGlobalSection
	GlobalSection(SolutionProperties) = preSolution
		HideSolutionNode = FALSE
	EndGlobalSection
	GlobalSection(ExtensibilityGlobals) = postSolution
		SolutionGuid = {85F42358-45C9-47D8-AE57-F4C2046DB33D}
	EndGlobalSection
EndGlobal
