
Microsoft Visual Studio Solution File, Format Version 12.00
# Visual Studio Version 17
VisualStudioVersion = 17.10.34928.147
MinimumVisualStudioVersion = 10.0.40219.1
Project("{9A19103F-16F7-4668-BE54-9A1E7A4F7556}") = "BethanysPieShop", "BethanysPieShop\BethanysPieShop.csproj", "{F5C911D9-D1A2-49FF-9A1F-30542AAE4294}"
EndProject
Project("{2150E333-8FDC-42A3-9474-1A3956D46DE8}") = "Solution Items", "Solution Items", "{7CCF0150-E4DD-4454-B22D-713FC47196AB}"
	ProjectSection(SolutionItems) = preProject
		.editorconfig = .editorconfig
	EndProjectSection
EndProject
Global
	GlobalSection(SolutionConfigurationPlatforms) = preSolution
		Debug|Any CPU = Debug|Any CPU
		Release|Any CPU = Release|Any CPU
	EndGlobalSection
	GlobalSection(ProjectConfigurationPlatforms) = postSolution
		{F5C911D9-D1A2-49FF-9A1F-30542AAE4294}.Debug|Any CPU.ActiveCfg = Debug|Any CPU
		{F5C911D9-D1A2-49FF-9A1F-30542AAE4294}.Debug|Any CPU.Build.0 = Debug|Any CPU
		{F5C911D9-D1A2-49FF-9A1F-30542AAE4294}.Release|Any CPU.ActiveCfg = Release|Any CPU
		{F5C911D9-D1A2-49FF-9A1F-30542AAE4294}.Release|Any CPU.Build.0 = Release|Any CPU
	EndGlobalSection
	GlobalSection(SolutionProperties) = preSolution
		HideSolutionNode = FALSE
	EndGlobalSection
	GlobalSection(ExtensibilityGlobals) = postSolution
		SolutionGuid = {3870253B-A770-4272-8436-F55498D49FF0}
	EndGlobalSection
EndGlobal
