
Microsoft Visual Studio Solution File, Format Version 12.00
# Visual Studio Version 17
VisualStudioVersion = 17.5.002.0
MinimumVisualStudioVersion = 10.0.40219.1
Project("{9A19103F-16F7-4668-BE54-9A1E7A4F7556}") = "BethanysPieShop", "BethanysPieShop.csproj", "{E05C50DB-03C7-4F87-98E1-8ED9A03CE23D}"
EndProject
Global
	GlobalSection(SolutionConfigurationPlatforms) = preSolution
		Debug|Any CPU = Debug|Any CPU
		Release|Any CPU = Release|Any CPU
	EndGlobalSection
	GlobalSection(ProjectConfigurationPlatforms) = postSolution
		{E05C50DB-03C7-4F87-98E1-8ED9A03CE23D}.Debug|Any CPU.ActiveCfg = Debug|Any CPU
		{E05C50DB-03C7-4F87-98E1-8ED9A03CE23D}.Debug|Any CPU.Build.0 = Debug|Any CPU
		{E05C50DB-03C7-4F87-98E1-8ED9A03CE23D}.Release|Any CPU.ActiveCfg = Release|Any CPU
		{E05C50DB-03C7-4F87-98E1-8ED9A03CE23D}.Release|Any CPU.Build.0 = Release|Any CPU
	EndGlobalSection
	GlobalSection(SolutionProperties) = preSolution
		HideSolutionNode = FALSE
	EndGlobalSection
	GlobalSection(ExtensibilityGlobals) = postSolution
		SolutionGuid = {1B34612C-452D-4FC3-8764-F93016C46095}
	EndGlobalSection
EndGlobal
